
Microsoft Visual Studio Solution File, Format Version 12.00
# Visual Studio Version 17
VisualStudioVersion = 17.4.33122.133
MinimumVisualStudioVersion = 10.0.40219.1
Project("{9A19103F-16F7-4668-BE54-9A1E7A4F7556}") = "REG.Angular", "src\REG.Angular\REG.Angular.csproj", "{19170992-8A0F-4A20-99E1-E9557D023EBF}"
EndProject
Project("{9A19103F-16F7-4668-BE54-9A1E7A4F7556}") = "REG.Core", "src\REG.Core\REG.Core.csproj", "{6824A7B8-0041-4BDA-8643-6351AD4AAEF7}"
EndProject
Project("{9A19103F-16F7-4668-BE54-9A1E7A4F7556}") = "REG.Core.Tests", "tests\REG.Core.Tests\REG.Core.Tests.csproj", "{CDE2746F-1BB1-4C0E-9C66-9CFA3ECDCB86}"
EndProject
Project("{9A19103F-16F7-4668-BE54-9A1E7A4F7556}") = "REG.Resources", "src\REG.Resources\REG.Resources.csproj", "{C462CCF3-0D4F-4F73-834D-2820D78FEE0E}"
EndProject
Project("{2150E333-8FDC-42A3-9474-1A3956D46DE8}") = "src", "src", "{18A6272D-8C57-4D68-9512-A14ADECDC799}"
EndProject
Project("{2150E333-8FDC-42A3-9474-1A3956D46DE8}") = "tests", "tests", "{7029A132-2E68-4B2E-9277-513F095D60E8}"
EndProject
Project("{2150E333-8FDC-42A3-9474-1A3956D46DE8}") = "Solution Items", "Solution Items", "{3F0E63D7-8D49-48D3-AF95-692EB9FEDE9F}"
	ProjectSection(SolutionItems) = preProject
		.gitignore = .gitignore
		Directory.Packages.props = Directory.Packages.props
		LICENSE = LICENSE
		OpenGameLicense.txt = OpenGameLicense.txt
		README.md = README.md
	EndProjectSection
EndProject
Global
	GlobalSection(SolutionConfigurationPlatforms) = preSolution
		Debug|Any CPU = Debug|Any CPU
		Release|Any CPU = Release|Any CPU
	EndGlobalSection
	GlobalSection(ProjectConfigurationPlatforms) = postSolution
		{19170992-8A0F-4A20-99E1-E9557D023EBF}.Debug|Any CPU.ActiveCfg = Debug|Any CPU
		{19170992-8A0F-4A20-99E1-E9557D023EBF}.Debug|Any CPU.Build.0 = Debug|Any CPU
		{19170992-8A0F-4A20-99E1-E9557D023EBF}.Release|Any CPU.ActiveCfg = Release|Any CPU
		{19170992-8A0F-4A20-99E1-E9557D023EBF}.Release|Any CPU.Build.0 = Release|Any CPU
		{6824A7B8-0041-4BDA-8643-6351AD4AAEF7}.Debug|Any CPU.ActiveCfg = Debug|Any CPU
		{6824A7B8-0041-4BDA-8643-6351AD4AAEF7}.Debug|Any CPU.Build.0 = Debug|Any CPU
		{6824A7B8-0041-4BDA-8643-6351AD4AAEF7}.Release|Any CPU.ActiveCfg = Release|Any CPU
		{6824A7B8-0041-4BDA-8643-6351AD4AAEF7}.Release|Any CPU.Build.0 = Release|Any CPU
		{CDE2746F-1BB1-4C0E-9C66-9CFA3ECDCB86}.Debug|Any CPU.ActiveCfg = Debug|Any CPU
		{CDE2746F-1BB1-4C0E-9C66-9CFA3ECDCB86}.Debug|Any CPU.Build.0 = Debug|Any CPU
		{CDE2746F-1BB1-4C0E-9C66-9CFA3ECDCB86}.Release|Any CPU.ActiveCfg = Release|Any CPU
		{CDE2746F-1BB1-4C0E-9C66-9CFA3ECDCB86}.Release|Any CPU.Build.0 = Release|Any CPU
		{C462CCF3-0D4F-4F73-834D-2820D78FEE0E}.Debug|Any CPU.ActiveCfg = Debug|Any CPU
		{C462CCF3-0D4F-4F73-834D-2820D78FEE0E}.Debug|Any CPU.Build.0 = Debug|Any CPU
		{C462CCF3-0D4F-4F73-834D-2820D78FEE0E}.Release|Any CPU.ActiveCfg = Release|Any CPU
		{C462CCF3-0D4F-4F73-834D-2820D78FEE0E}.Release|Any CPU.Build.0 = Release|Any CPU
	EndGlobalSection
	GlobalSection(SolutionProperties) = preSolution
		HideSolutionNode = FALSE
	EndGlobalSection
	GlobalSection(NestedProjects) = preSolution
		{19170992-8A0F-4A20-99E1-E9557D023EBF} = {18A6272D-8C57-4D68-9512-A14ADECDC799}
		{6824A7B8-0041-4BDA-8643-6351AD4AAEF7} = {18A6272D-8C57-4D68-9512-A14ADECDC799}
		{CDE2746F-1BB1-4C0E-9C66-9CFA3ECDCB86} = {7029A132-2E68-4B2E-9277-513F095D60E8}
		{C462CCF3-0D4F-4F73-834D-2820D78FEE0E} = {18A6272D-8C57-4D68-9512-A14ADECDC799}
	EndGlobalSection
	GlobalSection(ExtensibilityGlobals) = postSolution
		SolutionGuid = {98A92980-046E-4571-88FB-BFA37F56AD5F}
	EndGlobalSection
EndGlobal
